
Microsoft Visual Studio Solution File, Format Version 12.00
# Visual Studio Version 16
VisualStudioVersion = 16.0.30503.244
MinimumVisualStudioVersion = 10.0.40219.1
Project("{FAE04EC0-301F-11D3-BF4B-00C04F79EFBC}") = "WebApiinMVC", "WebApiinMVC\WebApiinMVC.csproj", "{72C31E85-FAB2-4DDC-B4A5-0529895CC846}"
EndProject
Project("{FAE04EC0-301F-11D3-BF4B-00C04F79EFBC}") = "MVC", "MVC\MVC.csproj", "{450B8EB5-7602-4EF1-AB1C-AADA771EA78B}"
EndProject
Global
	GlobalSection(SolutionConfigurationPlatforms) = preSolution
		Debug|Any CPU = Debug|Any CPU
		Release|Any CPU = Release|Any CPU
	EndGlobalSection
	GlobalSection(ProjectConfigurationPlatforms) = postSolution
		{72C31E85-FAB2-4DDC-B4A5-0529895CC846}.Debug|Any CPU.ActiveCfg = Debug|Any CPU
		{72C31E85-FAB2-4DDC-B4A5-0529895CC846}.Debug|Any CPU.Build.0 = Debug|Any CPU
		{72C31E85-FAB2-4DDC-B4A5-0529895CC846}.Release|Any CPU.ActiveCfg = Release|Any CPU
		{72C31E85-FAB2-4DDC-B4A5-0529895CC846}.Release|Any CPU.Build.0 = Release|Any CPU
		{450B8EB5-7602-4EF1-AB1C-AADA771EA78B}.Debug|Any CPU.ActiveCfg = Debug|Any CPU
		{450B8EB5-7602-4EF1-AB1C-AADA771EA78B}.Debug|Any CPU.Build.0 = Debug|Any CPU
		{450B8EB5-7602-4EF1-AB1C-AADA771EA78B}.Release|Any CPU.ActiveCfg = Release|Any CPU
		{450B8EB5-7602-4EF1-AB1C-AADA771EA78B}.Release|Any CPU.Build.0 = Release|Any CPU
	EndGlobalSection
	GlobalSection(SolutionProperties) = preSolution
		HideSolutionNode = FALSE
	EndGlobalSection
	GlobalSection(ExtensibilityGlobals) = postSolution
		SolutionGuid = {EB4F9F7F-EC5D-477E-A3F8-305532CED49A}
	EndGlobalSection
EndGlobal
